// !$*UTF8*$!
{
	archiveVersion = 1;
	classes = {
	};
	objectVersion = 70;
	objects = {

/* Begin PBXBuildFile section */
		98079BD22CD2574D00D8C631 /* YorkNotifyWatch Watch App.app in Embed Watch Content */ = {isa = PBXBuildFile; fileRef = 98079BC52CD2574C00D8C631 /* YorkNotifyWatch Watch App.app */; platformFilter = ios; settings = {ATTRIBUTES = (RemoveHeadersOnCopy, ); }; };
		983370C42CAC1E1E00B5EB72 /* GlobalUtils.swift in Sources */ = {isa = PBXBuildFile; fileRef = 983370C32CAC1E1E00B5EB72 /* GlobalUtils.swift */; };
		983370C62CAC1E6100B5EB72 /* HomeTabView.swift in Sources */ = {isa = PBXBuildFile; fileRef = 983370C52CAC1E6100B5EB72 /* HomeTabView.swift */; };
		983370C82CAC1E9100B5EB72 /* CreateNotificationView.swift in Sources */ = {isa = PBXBuildFile; fileRef = 983370C72CAC1E9100B5EB72 /* CreateNotificationView.swift */; };
		983370CA2CAC1EC400B5EB72 /* EditNotificationView.swift in Sources */ = {isa = PBXBuildFile; fileRef = 983370C92CAC1EC400B5EB72 /* EditNotificationView.swift */; };
		983370CC2CAC1F0500B5EB72 /* SettingsTabView.swift in Sources */ = {isa = PBXBuildFile; fileRef = 983370CB2CAC1F0500B5EB72 /* SettingsTabView.swift */; };
		983370CE2CAC1F2C00B5EB72 /* VersionView.swift in Sources */ = {isa = PBXBuildFile; fileRef = 983370CD2CAC1F2C00B5EB72 /* VersionView.swift */; };
		983370D02CAC1F4700B5EB72 /* CustomColorSchemeView.swift in Sources */ = {isa = PBXBuildFile; fileRef = 983370CF2CAC1F4700B5EB72 /* CustomColorSchemeView.swift */; };
		983370D22CAC1F5E00B5EB72 /* DefaultContentView.swift in Sources */ = {isa = PBXBuildFile; fileRef = 983370D12CAC1F5E00B5EB72 /* DefaultContentView.swift */; };
		983370D42CAC1F8500B5EB72 /* LabView.swift in Sources */ = {isa = PBXBuildFile; fileRef = 983370D32CAC1F8500B5EB72 /* LabView.swift */; };
		983370D62CAC1FA300B5EB72 /* LangView.swift in Sources */ = {isa = PBXBuildFile; fileRef = 983370D52CAC1FA300B5EB72 /* LangView.swift */; };
		983370D82CAC1FBE00B5EB72 /* HelpView.swift in Sources */ = {isa = PBXBuildFile; fileRef = 983370D72CAC1FBE00B5EB72 /* HelpView.swift */; };
		983370DA2CAC1FD700B5EB72 /* AutherView.swift in Sources */ = {isa = PBXBuildFile; fileRef = 983370D92CAC1FD700B5EB72 /* AutherView.swift */; };
		983370DC2CAC1FF900B5EB72 /* IconView.swift in Sources */ = {isa = PBXBuildFile; fileRef = 983370DB2CAC1FF900B5EB72 /* IconView.swift */; };
		986EF3272CAD3864009AC755 /* AcknowledgementView.swift in Sources */ = {isa = PBXBuildFile; fileRef = 986EF3262CAD3864009AC755 /* AcknowledgementView.swift */; };
		988516F42C2EEFA60025FCAC /* YorkNotifyApp.swift in Sources */ = {isa = PBXBuildFile; fileRef = 988516F32C2EEFA60025FCAC /* YorkNotifyApp.swift */; };
		988516F62C2EEFA60025FCAC /* ContentView.swift in Sources */ = {isa = PBXBuildFile; fileRef = 988516F52C2EEFA60025FCAC /* ContentView.swift */; };
		988516F82C2EEFA70025FCAC /* Assets.xcassets in Resources */ = {isa = PBXBuildFile; fileRef = 988516F72C2EEFA70025FCAC /* Assets.xcassets */; };
		988516FB2C2EEFA70025FCAC /* Preview Assets.xcassets in Resources */ = {isa = PBXBuildFile; fileRef = 988516FA2C2EEFA70025FCAC /* Preview Assets.xcassets */; };
		989B53C32CAE5B3F00BDA23C /* WhatsNewSheet.swift in Sources */ = {isa = PBXBuildFile; fileRef = 989B53C22CAE5B3F00BDA23C /* WhatsNewSheet.swift */; };
		989D91C32CD76860000FDB7B /* PhoneConnectivityManager.swift in Sources */ = {isa = PBXBuildFile; fileRef = 989D91C22CD76860000FDB7B /* PhoneConnectivityManager.swift */; };
		989D91C52CD768F1000FDB7B /* WatchNotificationItem.swift in Sources */ = {isa = PBXBuildFile; fileRef = 989D91C42CD768F1000FDB7B /* WatchNotificationItem.swift */; };
		989D91C62CD768F1000FDB7B /* WatchNotificationItem.swift in Sources */ = {isa = PBXBuildFile; fileRef = 989D91C42CD768F1000FDB7B /* WatchNotificationItem.swift */; };
		98ADDC0D2CD7451C008BD27F /* Localizable.xcstrings in Resources */ = {isa = PBXBuildFile; fileRef = 98CC8BF62C901FE20057111D /* Localizable.xcstrings */; };
		98CC8BF72C901FE20057111D /* Localizable.xcstrings in Resources */ = {isa = PBXBuildFile; fileRef = 98CC8BF62C901FE20057111D /* Localizable.xcstrings */; };
/* End PBXBuildFile section */

/* Begin PBXContainerItemProxy section */
		98079BD02CD2574D00D8C631 /* PBXContainerItemProxy */ = {
			isa = PBXContainerItemProxy;
			containerPortal = 988516E82C2EEFA60025FCAC /* Project object */;
			proxyType = 1;
			remoteGlobalIDString = 98079BC42CD2574B00D8C631;
			remoteInfo = "YorkNotifyWatch Watch App";
		};
/* End PBXContainerItemProxy section */

/* Begin PBXCopyFilesBuildPhase section */
		9811366A2C9707B0006D2915 /* Embed Watch Content */ = {
			isa = PBXCopyFilesBuildPhase;
			buildActionMask = 2147483647;
			dstPath = "$(CONTENTS_FOLDER_PATH)/Watch";
			dstSubfolderSpec = 16;
			files = (
				98079BD22CD2574D00D8C631 /* YorkNotifyWatch Watch App.app in Embed Watch Content */,
			);
			name = "Embed Watch Content";
			runOnlyForDeploymentPostprocessing = 0;
		};
/* End PBXCopyFilesBuildPhase section */

/* Begin PBXFileReference section */
		98079BC52CD2574C00D8C631 /* YorkNotifyWatch Watch App.app */ = {isa = PBXFileReference; explicitFileType = wrapper.application; includeInIndex = 0; path = "YorkNotifyWatch Watch App.app"; sourceTree = BUILT_PRODUCTS_DIR; };
		981D9BD12CD9E69200C3B4CE /* YorkNotify.entitlements */ = {isa = PBXFileReference; lastKnownFileType = text.plist.entitlements; path = YorkNotify.entitlements; sourceTree = "<group>"; };
		98301D382C5D4024000CF262 /* Info.plist */ = {isa = PBXFileReference; lastKnownFileType = text.plist; path = Info.plist; sourceTree = "<group>"; };
		983370C32CAC1E1E00B5EB72 /* GlobalUtils.swift */ = {isa = PBXFileReference; lastKnownFileType = sourcecode.swift; path = GlobalUtils.swift; sourceTree = "<group>"; };
		983370C52CAC1E6100B5EB72 /* HomeTabView.swift */ = {isa = PBXFileReference; lastKnownFileType = sourcecode.swift; path = HomeTabView.swift; sourceTree = "<group>"; };
		983370C72CAC1E9100B5EB72 /* CreateNotificationView.swift */ = {isa = PBXFileReference; lastKnownFileType = sourcecode.swift; path = CreateNotificationView.swift; sourceTree = "<group>"; };
		983370C92CAC1EC400B5EB72 /* EditNotificationView.swift */ = {isa = PBXFileReference; lastKnownFileType = sourcecode.swift; path = EditNotificationView.swift; sourceTree = "<group>"; };
		983370CB2CAC1F0500B5EB72 /* SettingsTabView.swift */ = {isa = PBXFileReference; lastKnownFileType = sourcecode.swift; path = SettingsTabView.swift; sourceTree = "<group>"; };
		983370CD2CAC1F2C00B5EB72 /* VersionView.swift */ = {isa = PBXFileReference; lastKnownFileType = sourcecode.swift; path = VersionView.swift; sourceTree = "<group>"; };
		983370CF2CAC1F4700B5EB72 /* CustomColorSchemeView.swift */ = {isa = PBXFileReference; lastKnownFileType = sourcecode.swift; path = CustomColorSchemeView.swift; sourceTree = "<group>"; };
		983370D12CAC1F5E00B5EB72 /* DefaultContentView.swift */ = {isa = PBXFileReference; lastKnownFileType = sourcecode.swift; path = DefaultContentView.swift; sourceTree = "<group>"; };
		983370D32CAC1F8500B5EB72 /* LabView.swift */ = {isa = PBXFileReference; lastKnownFileType = sourcecode.swift; path = LabView.swift; sourceTree = "<group>"; };
		983370D52CAC1FA300B5EB72 /* LangView.swift */ = {isa = PBXFileReference; lastKnownFileType = sourcecode.swift; path = LangView.swift; sourceTree = "<group>"; };
		983370D72CAC1FBE00B5EB72 /* HelpView.swift */ = {isa = PBXFileReference; lastKnownFileType = sourcecode.swift; path = HelpView.swift; sourceTree = "<group>"; };
		983370D92CAC1FD700B5EB72 /* AutherView.swift */ = {isa = PBXFileReference; lastKnownFileType = sourcecode.swift; path = AutherView.swift; sourceTree = "<group>"; };
		983370DB2CAC1FF900B5EB72 /* IconView.swift */ = {isa = PBXFileReference; lastKnownFileType = sourcecode.swift; path = IconView.swift; sourceTree = "<group>"; };
		986EF3262CAD3864009AC755 /* AcknowledgementView.swift */ = {isa = PBXFileReference; lastKnownFileType = sourcecode.swift; path = AcknowledgementView.swift; sourceTree = "<group>"; };
		988516F02C2EEFA60025FCAC /* YorkNotify.app */ = {isa = PBXFileReference; explicitFileType = wrapper.application; includeInIndex = 0; path = YorkNotify.app; sourceTree = BUILT_PRODUCTS_DIR; };
		988516F32C2EEFA60025FCAC /* YorkNotifyApp.swift */ = {isa = PBXFileReference; lastKnownFileType = sourcecode.swift; path = YorkNotifyApp.swift; sourceTree = "<group>"; };
		988516F52C2EEFA60025FCAC /* ContentView.swift */ = {isa = PBXFileReference; lastKnownFileType = sourcecode.swift; path = ContentView.swift; sourceTree = "<group>"; };
		988516F72C2EEFA70025FCAC /* Assets.xcassets */ = {isa = PBXFileReference; lastKnownFileType = folder.assetcatalog; path = Assets.xcassets; sourceTree = "<group>"; };
		988516FA2C2EEFA70025FCAC /* Preview Assets.xcassets */ = {isa = PBXFileReference; lastKnownFileType = folder.assetcatalog; path = "Preview Assets.xcassets"; sourceTree = "<group>"; };
		989B53C22CAE5B3F00BDA23C /* WhatsNewSheet.swift */ = {isa = PBXFileReference; lastKnownFileType = sourcecode.swift; path = WhatsNewSheet.swift; sourceTree = "<group>"; };
		989D91C22CD76860000FDB7B /* PhoneConnectivityManager.swift */ = {isa = PBXFileReference; lastKnownFileType = sourcecode.swift; path = PhoneConnectivityManager.swift; sourceTree = "<group>"; };
		989D91C42CD768F1000FDB7B /* WatchNotificationItem.swift */ = {isa = PBXFileReference; lastKnownFileType = sourcecode.swift; path = WatchNotificationItem.swift; sourceTree = "<group>"; };
		98CC8BF62C901FE20057111D /* Localizable.xcstrings */ = {isa = PBXFileReference; lastKnownFileType = text.json.xcstrings; path = Localizable.xcstrings; sourceTree = "<group>"; };
/* End PBXFileReference section */

/* Begin PBXFileSystemSynchronizedRootGroup section */
		98079BC62CD2574C00D8C631 /* YorkNotifyWatch Watch App */ = {isa = PBXFileSystemSynchronizedRootGroup; explicitFileTypes = {}; explicitFolders = (); path = "YorkNotifyWatch Watch App"; sourceTree = "<group>"; };
/* End PBXFileSystemSynchronizedRootGroup section */

/* Begin PBXFrameworksBuildPhase section */
		98079BC22CD2574B00D8C631 /* Frameworks */ = {
			isa = PBXFrameworksBuildPhase;
			buildActionMask = 2147483647;
			files = (
			);
			runOnlyForDeploymentPostprocessing = 0;
		};
		988516ED2C2EEFA60025FCAC /* Frameworks */ = {
			isa = PBXFrameworksBuildPhase;
			buildActionMask = 2147483647;
			files = (
			);
			runOnlyForDeploymentPostprocessing = 0;
		};
/* End PBXFrameworksBuildPhase section */

/* Begin PBXGroup section */
		988516E72C2EEFA60025FCAC = {
			isa = PBXGroup;
			children = (
				98CC8BF62C901FE20057111D /* Localizable.xcstrings */,
				989D91C42CD768F1000FDB7B /* WatchNotificationItem.swift */,
				988516F22C2EEFA60025FCAC /* YorkNotify */,
				98079BC62CD2574C00D8C631 /* YorkNotifyWatch Watch App */,
				988516F12C2EEFA60025FCAC /* Products */,
			);
			sourceTree = "<group>";
		};
		988516F12C2EEFA60025FCAC /* Products */ = {
			isa = PBXGroup;
			children = (
				988516F02C2EEFA60025FCAC /* YorkNotify.app */,
				98079BC52CD2574C00D8C631 /* YorkNotifyWatch Watch App.app */,
			);
			name = Products;
			sourceTree = "<group>";
		};
		988516F22C2EEFA60025FCAC /* YorkNotify */ = {
			isa = PBXGroup;
			children = (
				981D9BD12CD9E69200C3B4CE /* YorkNotify.entitlements */,
				983370C32CAC1E1E00B5EB72 /* GlobalUtils.swift */,
				989B53C22CAE5B3F00BDA23C /* WhatsNewSheet.swift */,
				988516F52C2EEFA60025FCAC /* ContentView.swift */,
				983370C52CAC1E6100B5EB72 /* HomeTabView.swift */,
				983370C72CAC1E9100B5EB72 /* CreateNotificationView.swift */,
				983370C92CAC1EC400B5EB72 /* EditNotificationView.swift */,
				983370CB2CAC1F0500B5EB72 /* SettingsTabView.swift */,
				983370CF2CAC1F4700B5EB72 /* CustomColorSchemeView.swift */,
				983370D12CAC1F5E00B5EB72 /* DefaultContentView.swift */,
				983370DB2CAC1FF900B5EB72 /* IconView.swift */,
				983370D52CAC1FA300B5EB72 /* LangView.swift */,
				983370D32CAC1F8500B5EB72 /* LabView.swift */,
				983370D72CAC1FBE00B5EB72 /* HelpView.swift */,
				983370D92CAC1FD700B5EB72 /* AutherView.swift */,
				983370CD2CAC1F2C00B5EB72 /* VersionView.swift */,
				986EF3262CAD3864009AC755 /* AcknowledgementView.swift */,
				989D91C22CD76860000FDB7B /* PhoneConnectivityManager.swift */,
				988516F32C2EEFA60025FCAC /* YorkNotifyApp.swift */,
				988516F72C2EEFA70025FCAC /* Assets.xcassets */,
				98301D382C5D4024000CF262 /* Info.plist */,
				988516F92C2EEFA70025FCAC /* Preview Content */,
			);
			path = YorkNotify;
			sourceTree = "<group>";
		};
		988516F92C2EEFA70025FCAC /* Preview Content */ = {
			isa = PBXGroup;
			children = (
				988516FA2C2EEFA70025FCAC /* Preview Assets.xcassets */,
			);
			path = "Preview Content";
			sourceTree = "<group>";
		};
/* End PBXGroup section */

/* Begin PBXNativeTarget section */
		98079BC42CD2574B00D8C631 /* YorkNotifyWatch Watch App */ = {
			isa = PBXNativeTarget;
			buildConfigurationList = 98079BD52CD2574D00D8C631 /* Build configuration list for PBXNativeTarget "YorkNotifyWatch Watch App" */;
			buildPhases = (
				98079BC12CD2574B00D8C631 /* Sources */,
				98079BC22CD2574B00D8C631 /* Frameworks */,
				98079BC32CD2574B00D8C631 /* Resources */,
			);
			buildRules = (
			);
			dependencies = (
			);
			fileSystemSynchronizedGroups = (
				98079BC62CD2574C00D8C631 /* YorkNotifyWatch Watch App */,
			);
			name = "YorkNotifyWatch Watch App";
			packageProductDependencies = (
			);
			productName = "YorkNotifyWatch Watch App";
			productReference = 98079BC52CD2574C00D8C631 /* YorkNotifyWatch Watch App.app */;
			productType = "com.apple.product-type.application";
		};
		988516EF2C2EEFA60025FCAC /* YorkNotify */ = {
			isa = PBXNativeTarget;
			buildConfigurationList = 988516FE2C2EEFA70025FCAC /* Build configuration list for PBXNativeTarget "YorkNotify" */;
			buildPhases = (
				988516EC2C2EEFA60025FCAC /* Sources */,
				988516ED2C2EEFA60025FCAC /* Frameworks */,
				988516EE2C2EEFA60025FCAC /* Resources */,
				9811366A2C9707B0006D2915 /* Embed Watch Content */,
			);
			buildRules = (
			);
			dependencies = (
				98079BD12CD2574D00D8C631 /* PBXTargetDependency */,
			);
			name = YorkNotify;
			productName = YorkNotify;
			productReference = 988516F02C2EEFA60025FCAC /* YorkNotify.app */;
			productType = "com.apple.product-type.application";
		};
/* End PBXNativeTarget section */

/* Begin PBXProject section */
		988516E82C2EEFA60025FCAC /* Project object */ = {
			isa = PBXProject;
			attributes = {
				BuildIndependentTargetsInParallel = 1;
				LastSwiftUpdateCheck = 1600;
				LastUpgradeCheck = 1600;
				TargetAttributes = {
					98079BC42CD2574B00D8C631 = {
						CreatedOnToolsVersion = 16.0;
					};
					988516EF2C2EEFA60025FCAC = {
						CreatedOnToolsVersion = 15.4;
					};
				};
			};
			buildConfigurationList = 988516EB2C2EEFA60025FCAC /* Build configuration list for PBXProject "YorkNotify" */;
			compatibilityVersion = "Xcode 14.0";
			developmentRegion = en;
			hasScannedForEncodings = 0;
			knownRegions = (
				en,
				Base,
				"zh-Hant",
				"zh-Hans",
				ja,
			);
			mainGroup = 988516E72C2EEFA60025FCAC;
			packageReferences = (
			);
			productRefGroup = 988516F12C2EEFA60025FCAC /* Products */;
			projectDirPath = "";
			projectRoot = "";
			targets = (
				988516EF2C2EEFA60025FCAC /* YorkNotify */,
				98079BC42CD2574B00D8C631 /* YorkNotifyWatch Watch App */,
			);
		};
/* End PBXProject section */

/* Begin PBXResourcesBuildPhase section */
		98079BC32CD2574B00D8C631 /* Resources */ = {
			isa = PBXResourcesBuildPhase;
			buildActionMask = 2147483647;
			files = (
				98ADDC0D2CD7451C008BD27F /* Localizable.xcstrings in Resources */,
			);
			runOnlyForDeploymentPostprocessing = 0;
		};
		988516EE2C2EEFA60025FCAC /* Resources */ = {
			isa = PBXResourcesBuildPhase;
			buildActionMask = 2147483647;
			files = (
				988516FB2C2EEFA70025FCAC /* Preview Assets.xcassets in Resources */,
				988516F82C2EEFA70025FCAC /* Assets.xcassets in Resources */,
				98CC8BF72C901FE20057111D /* Localizable.xcstrings in Resources */,
			);
			runOnlyForDeploymentPostprocessing = 0;
		};
/* End PBXResourcesBuildPhase section */

/* Begin PBXSourcesBuildPhase section */
		98079BC12CD2574B00D8C631 /* Sources */ = {
			isa = PBXSourcesBuildPhase;
			buildActionMask = 2147483647;
			files = (
				989D91C52CD768F1000FDB7B /* WatchNotificationItem.swift in Sources */,
			);
			runOnlyForDeploymentPostprocessing = 0;
		};
		988516EC2C2EEFA60025FCAC /* Sources */ = {
			isa = PBXSourcesBuildPhase;
			buildActionMask = 2147483647;
			files = (
				988516F62C2EEFA60025FCAC /* ContentView.swift in Sources */,
				989D91C62CD768F1000FDB7B /* WatchNotificationItem.swift in Sources */,
				983370D82CAC1FBE00B5EB72 /* HelpView.swift in Sources */,
				983370D02CAC1F4700B5EB72 /* CustomColorSchemeView.swift in Sources */,
				983370CC2CAC1F0500B5EB72 /* SettingsTabView.swift in Sources */,
				983370C42CAC1E1E00B5EB72 /* GlobalUtils.swift in Sources */,
				983370C82CAC1E9100B5EB72 /* CreateNotificationView.swift in Sources */,
				988516F42C2EEFA60025FCAC /* YorkNotifyApp.swift in Sources */,
				986EF3272CAD3864009AC755 /* AcknowledgementView.swift in Sources */,
				989B53C32CAE5B3F00BDA23C /* WhatsNewSheet.swift in Sources */,
				983370DA2CAC1FD700B5EB72 /* AutherView.swift in Sources */,
				983370D62CAC1FA300B5EB72 /* LangView.swift in Sources */,
				983370D42CAC1F8500B5EB72 /* LabView.swift in Sources */,
				983370DC2CAC1FF900B5EB72 /* IconView.swift in Sources */,
				983370D22CAC1F5E00B5EB72 /* DefaultContentView.swift in Sources */,
				983370CE2CAC1F2C00B5EB72 /* VersionView.swift in Sources */,
				989D91C32CD76860000FDB7B /* PhoneConnectivityManager.swift in Sources */,
				983370C62CAC1E6100B5EB72 /* HomeTabView.swift in Sources */,
				983370CA2CAC1EC400B5EB72 /* EditNotificationView.swift in Sources */,
			);
			runOnlyForDeploymentPostprocessing = 0;
		};
/* End PBXSourcesBuildPhase section */

/* Begin PBXTargetDependency section */
		98079BD12CD2574D00D8C631 /* PBXTargetDependency */ = {
			isa = PBXTargetDependency;
			platformFilter = ios;
			target = 98079BC42CD2574B00D8C631 /* YorkNotifyWatch Watch App */;
			targetProxy = 98079BD02CD2574D00D8C631 /* PBXContainerItemProxy */;
		};
/* End PBXTargetDependency section */

/* Begin XCBuildConfiguration section */
		98079BD32CD2574D00D8C631 /* Debug */ = {
			isa = XCBuildConfiguration;
			buildSettings = {
				ASSETCATALOG_COMPILER_APPICON_NAME = AppIcon;
				ASSETCATALOG_COMPILER_GLOBAL_ACCENT_COLOR_NAME = AccentColor;
				CODE_SIGN_IDENTITY = "iPhone Developer";
				CODE_SIGN_STYLE = Automatic;
				CURRENT_PROJECT_VERSION = 1;
				DEVELOPMENT_ASSET_PATHS = "\"YorkNotifyWatch Watch App/Preview Content\"";
				DEVELOPMENT_TEAM = Z27QLJCPBB;
				ENABLE_PREVIEWS = YES;
				GENERATE_INFOPLIST_FILE = YES;
				INFOPLIST_KEY_CFBundleDisplayName = YorkNotify;
				INFOPLIST_KEY_UISupportedInterfaceOrientations = "UIInterfaceOrientationPortrait UIInterfaceOrientationPortraitUpsideDown";
				INFOPLIST_KEY_WKCompanionAppBundleIdentifier = com.yorkdev.YorkNotify;
				LD_RUNPATH_SEARCH_PATHS = (
					"$(inherited)",
					"@executable_path/Frameworks",
				);
				MARKETING_VERSION = 1.0;
				PRODUCT_BUNDLE_IDENTIFIER = com.yorkdev.YorkNotify.watchkitapp;
				PRODUCT_NAME = "$(TARGET_NAME)";
				SDKROOT = watchos;
				SKIP_INSTALL = YES;
				SWIFT_EMIT_LOC_STRINGS = YES;
				SWIFT_VERSION = 5.0;
				TARGETED_DEVICE_FAMILY = 4;
				WATCHOS_DEPLOYMENT_TARGET = 11.0;
			};
			name = Debug;
		};
		98079BD42CD2574D00D8C631 /* Release */ = {
			isa = XCBuildConfiguration;
			buildSettings = {
				ASSETCATALOG_COMPILER_APPICON_NAME = AppIcon;
				ASSETCATALOG_COMPILER_GLOBAL_ACCENT_COLOR_NAME = AccentColor;
				CODE_SIGN_IDENTITY = "iPhone Developer";
				CODE_SIGN_STYLE = Automatic;
				CURRENT_PROJECT_VERSION = 1;
				DEVELOPMENT_ASSET_PATHS = "\"YorkNotifyWatch Watch App/Preview Content\"";
				DEVELOPMENT_TEAM = Z27QLJCPBB;
				ENABLE_PREVIEWS = YES;
				GENERATE_INFOPLIST_FILE = YES;
				INFOPLIST_KEY_CFBundleDisplayName = YorkNotify;
				INFOPLIST_KEY_UISupportedInterfaceOrientations = "UIInterfaceOrientationPortrait UIInterfaceOrientationPortraitUpsideDown";
				INFOPLIST_KEY_WKCompanionAppBundleIdentifier = com.yorkdev.YorkNotify;
				LD_RUNPATH_SEARCH_PATHS = (
					"$(inherited)",
					"@executable_path/Frameworks",
				);
				MARKETING_VERSION = 1.0;
				PRODUCT_BUNDLE_IDENTIFIER = com.yorkdev.YorkNotify.watchkitapp;
				PRODUCT_NAME = "$(TARGET_NAME)";
				SDKROOT = watchos;
				SKIP_INSTALL = YES;
				SWIFT_EMIT_LOC_STRINGS = YES;
				SWIFT_VERSION = 5.0;
				TARGETED_DEVICE_FAMILY = 4;
				WATCHOS_DEPLOYMENT_TARGET = 11.0;
			};
			name = Release;
		};
		988516FC2C2EEFA70025FCAC /* Debug */ = {
			isa = XCBuildConfiguration;
			buildSettings = {
				ALWAYS_SEARCH_USER_PATHS = NO;
				ASSETCATALOG_COMPILER_GENERATE_SWIFT_ASSET_SYMBOL_EXTENSIONS = YES;
				ASSETCATALOG_COMPILER_INCLUDE_ALL_APPICON_ASSETS = YES;
				CLANG_ANALYZER_LOCALIZABILITY_NONLOCALIZED = YES;
				CLANG_ANALYZER_NONNULL = YES;
				CLANG_ANALYZER_NUMBER_OBJECT_CONVERSION = YES_AGGRESSIVE;
				CLANG_CXX_LANGUAGE_STANDARD = "gnu++20";
				CLANG_ENABLE_MODULES = YES;
				CLANG_ENABLE_OBJC_ARC = YES;
				CLANG_ENABLE_OBJC_WEAK = YES;
				CLANG_WARN_BLOCK_CAPTURE_AUTORELEASING = YES;
				CLANG_WARN_BOOL_CONVERSION = YES;
				CLANG_WARN_COMMA = YES;
				CLANG_WARN_CONSTANT_CONVERSION = YES;
				CLANG_WARN_DEPRECATED_OBJC_IMPLEMENTATIONS = YES;
				CLANG_WARN_DIRECT_OBJC_ISA_USAGE = YES_ERROR;
				CLANG_WARN_DOCUMENTATION_COMMENTS = YES;
				CLANG_WARN_EMPTY_BODY = YES;
				CLANG_WARN_ENUM_CONVERSION = YES;
				CLANG_WARN_INFINITE_RECURSION = YES;
				CLANG_WARN_INT_CONVERSION = YES;
				CLANG_WARN_NON_LITERAL_NULL_CONVERSION = YES;
				CLANG_WARN_OBJC_IMPLICIT_RETAIN_SELF = YES;
				CLANG_WARN_OBJC_LITERAL_CONVERSION = YES;
				CLANG_WARN_OBJC_ROOT_CLASS = YES_ERROR;
				CLANG_WARN_QUOTED_INCLUDE_IN_FRAMEWORK_HEADER = YES;
				CLANG_WARN_RANGE_LOOP_ANALYSIS = YES;
				CLANG_WARN_STRICT_PROTOTYPES = YES;
				CLANG_WARN_SUSPICIOUS_MOVE = YES;
				CLANG_WARN_UNGUARDED_AVAILABILITY = YES_AGGRESSIVE;
				CLANG_WARN_UNREACHABLE_CODE = YES;
				CLANG_WARN__DUPLICATE_METHOD_MATCH = YES;
				COPY_PHASE_STRIP = NO;
				DEBUG_INFORMATION_FORMAT = dwarf;
				ENABLE_STRICT_OBJC_MSGSEND = YES;
				ENABLE_TESTABILITY = YES;
				ENABLE_USER_SCRIPT_SANDBOXING = YES;
				GCC_C_LANGUAGE_STANDARD = gnu17;
				GCC_DYNAMIC_NO_PIC = NO;
				GCC_NO_COMMON_BLOCKS = YES;
				GCC_OPTIMIZATION_LEVEL = 0;
				GCC_PREPROCESSOR_DEFINITIONS = (
					"DEBUG=1",
					"$(inherited)",
				);
				GCC_WARN_64_TO_32_BIT_CONVERSION = YES;
				GCC_WARN_ABOUT_RETURN_TYPE = YES_ERROR;
				GCC_WARN_UNDECLARED_SELECTOR = YES;
				GCC_WARN_UNINITIALIZED_AUTOS = YES_AGGRESSIVE;
				GCC_WARN_UNUSED_FUNCTION = YES;
				GCC_WARN_UNUSED_VARIABLE = YES;
				IPHONEOS_DEPLOYMENT_TARGET = 17.0;
				LOCALIZATION_PREFERS_STRING_CATALOGS = YES;
				MTL_ENABLE_DEBUG_INFO = INCLUDE_SOURCE;
				MTL_FAST_MATH = YES;
				ONLY_ACTIVE_ARCH = YES;
				SDKROOT = iphoneos;
				SWIFT_ACTIVE_COMPILATION_CONDITIONS = "DEBUG $(inherited)";
				SWIFT_EMIT_LOC_STRINGS = YES;
				SWIFT_OPTIMIZATION_LEVEL = "-Onone";
				WATCHOS_DEPLOYMENT_TARGET = 10.0;
			};
			name = Debug;
		};
		988516FD2C2EEFA70025FCAC /* Release */ = {
			isa = XCBuildConfiguration;
			buildSettings = {
				ALWAYS_SEARCH_USER_PATHS = NO;
				ASSETCATALOG_COMPILER_GENERATE_SWIFT_ASSET_SYMBOL_EXTENSIONS = YES;
				ASSETCATALOG_COMPILER_INCLUDE_ALL_APPICON_ASSETS = YES;
				CLANG_ANALYZER_LOCALIZABILITY_NONLOCALIZED = YES;
				CLANG_ANALYZER_NONNULL = YES;
				CLANG_ANALYZER_NUMBER_OBJECT_CONVERSION = YES_AGGRESSIVE;
				CLANG_CXX_LANGUAGE_STANDARD = "gnu++20";
				CLANG_ENABLE_MODULES = YES;
				CLANG_ENABLE_OBJC_ARC = YES;
				CLANG_ENABLE_OBJC_WEAK = YES;
				CLANG_WARN_BLOCK_CAPTURE_AUTORELEASING = YES;
				CLANG_WARN_BOOL_CONVERSION = YES;
				CLANG_WARN_COMMA = YES;
				CLANG_WARN_CONSTANT_CONVERSION = YES;
				CLANG_WARN_DEPRECATED_OBJC_IMPLEMENTATIONS = YES;
				CLANG_WARN_DIRECT_OBJC_ISA_USAGE = YES_ERROR;
				CLANG_WARN_DOCUMENTATION_COMMENTS = YES;
				CLANG_WARN_EMPTY_BODY = YES;
				CLANG_WARN_ENUM_CONVERSION = YES;
				CLANG_WARN_INFINITE_RECURSION = YES;
				CLANG_WARN_INT_CONVERSION = YES;
				CLANG_WARN_NON_LITERAL_NULL_CONVERSION = YES;
				CLANG_WARN_OBJC_IMPLICIT_RETAIN_SELF = YES;
				CLANG_WARN_OBJC_LITERAL_CONVERSION = YES;
				CLANG_WARN_OBJC_ROOT_CLASS = YES_ERROR;
				CLANG_WARN_QUOTED_INCLUDE_IN_FRAMEWORK_HEADER = YES;
				CLANG_WARN_RANGE_LOOP_ANALYSIS = YES;
				CLANG_WARN_STRICT_PROTOTYPES = YES;
				CLANG_WARN_SUSPICIOUS_MOVE = YES;
				CLANG_WARN_UNGUARDED_AVAILABILITY = YES_AGGRESSIVE;
				CLANG_WARN_UNREACHABLE_CODE = YES;
				CLANG_WARN__DUPLICATE_METHOD_MATCH = YES;
				COPY_PHASE_STRIP = NO;
				DEBUG_INFORMATION_FORMAT = "dwarf-with-dsym";
				ENABLE_NS_ASSERTIONS = NO;
				ENABLE_STRICT_OBJC_MSGSEND = YES;
				ENABLE_USER_SCRIPT_SANDBOXING = YES;
				GCC_C_LANGUAGE_STANDARD = gnu17;
				GCC_NO_COMMON_BLOCKS = YES;
				GCC_WARN_64_TO_32_BIT_CONVERSION = YES;
				GCC_WARN_ABOUT_RETURN_TYPE = YES_ERROR;
				GCC_WARN_UNDECLARED_SELECTOR = YES;
				GCC_WARN_UNINITIALIZED_AUTOS = YES_AGGRESSIVE;
				GCC_WARN_UNUSED_FUNCTION = YES;
				GCC_WARN_UNUSED_VARIABLE = YES;
				IPHONEOS_DEPLOYMENT_TARGET = 17.0;
				LOCALIZATION_PREFERS_STRING_CATALOGS = YES;
				MTL_ENABLE_DEBUG_INFO = NO;
				MTL_FAST_MATH = YES;
				SDKROOT = iphoneos;
				SWIFT_COMPILATION_MODE = wholemodule;
				SWIFT_EMIT_LOC_STRINGS = YES;
				VALIDATE_PRODUCT = YES;
				WATCHOS_DEPLOYMENT_TARGET = 10.0;
			};
			name = Release;
		};
		988516FF2C2EEFA70025FCAC /* Debug */ = {
			isa = XCBuildConfiguration;
			buildSettings = {
				ASSETCATALOG_COMPILER_ALTERNATE_APPICON_NAMES = "AppIconDefault AppIcon3D AppIconBlack AppIconWhite AppIconBlackLogo AppIconWhiteLogo";
				ASSETCATALOG_COMPILER_APPICON_NAME = AppIconDefault;
				ASSETCATALOG_COMPILER_GLOBAL_ACCENT_COLOR_NAME = AccentColor;
				ASSETCATALOG_COMPILER_INCLUDE_ALL_APPICON_ASSETS = YES;
				CODE_SIGN_ENTITLEMENTS = YorkNotify/YorkNotify.entitlements;
				CODE_SIGN_IDENTITY = "iPhone Developer";
				"CODE_SIGN_IDENTITY[sdk=macosx*]" = "Apple Development";
				CODE_SIGN_STYLE = Automatic;
				CURRENT_PROJECT_VERSION = 41;
				DEVELOPMENT_ASSET_PATHS = "\"YorkNotify/Preview Content\"";
				DEVELOPMENT_TEAM = Z27QLJCPBB;
				ENABLE_PREVIEWS = YES;
				GENERATE_INFOPLIST_FILE = YES;
				INFOPLIST_FILE = YorkNotify/Info.plist;
				INFOPLIST_KEY_CFBundleDisplayName = YorkNotify;
				INFOPLIST_KEY_LSApplicationCategoryType = "public.app-category.utilities";
				INFOPLIST_KEY_UIApplicationSceneManifest_Generation = YES;
				INFOPLIST_KEY_UIApplicationSupportsIndirectInputEvents = YES;
				INFOPLIST_KEY_UILaunchScreen_Generation = YES;
				INFOPLIST_KEY_UISupportedInterfaceOrientations = "UIInterfaceOrientationLandscapeLeft UIInterfaceOrientationLandscapeRight UIInterfaceOrientationPortrait UIInterfaceOrientationPortraitUpsideDown";
				IPHONEOS_DEPLOYMENT_TARGET = 16.0;
				LD_RUNPATH_SEARCH_PATHS = (
					"$(inherited)",
					"@executable_path/Frameworks",
				);
				MARKETING_VERSION = 2.3.1;
				PRODUCT_BUNDLE_IDENTIFIER = com.yorkdev.YorkNotify;
				PRODUCT_NAME = "$(TARGET_NAME)";
				SUPPORTED_PLATFORMS = "iphoneos iphonesimulator";
				SUPPORTS_MACCATALYST = YES;
				SUPPORTS_MAC_DESIGNED_FOR_IPHONE_IPAD = NO;
				SUPPORTS_XR_DESIGNED_FOR_IPHONE_IPAD = YES;
				SWIFT_EMIT_LOC_STRINGS = YES;
				SWIFT_VERSION = 5.0;
				TARGETED_DEVICE_FAMILY = "1,2";
			};
			name = Debug;
		};
		988517002C2EEFA70025FCAC /* Release */ = {
			isa = XCBuildConfiguration;
			buildSettings = {
				ASSETCATALOG_COMPILER_ALTERNATE_APPICON_NAMES = "AppIconDefault AppIcon3D AppIconBlack AppIconWhite AppIconBlackLogo AppIconWhiteLogo";
				ASSETCATALOG_COMPILER_APPICON_NAME = AppIconDefault;
				ASSETCATALOG_COMPILER_GLOBAL_ACCENT_COLOR_NAME = AccentColor;
				ASSETCATALOG_COMPILER_INCLUDE_ALL_APPICON_ASSETS = YES;
				CODE_SIGN_ENTITLEMENTS = YorkNotify/YorkNotify.entitlements;
				CODE_SIGN_IDENTITY = "iPhone Developer";
				"CODE_SIGN_IDENTITY[sdk=macosx*]" = "Apple Development";
				CODE_SIGN_STYLE = Automatic;
				CURRENT_PROJECT_VERSION = 41;
				DEVELOPMENT_ASSET_PATHS = "\"YorkNotify/Preview Content\"";
				DEVELOPMENT_TEAM = Z27QLJCPBB;
				ENABLE_PREVIEWS = YES;
				GENERATE_INFOPLIST_FILE = YES;
				INFOPLIST_FILE = YorkNotify/Info.plist;
				INFOPLIST_KEY_CFBundleDisplayName = YorkNotify;
				INFOPLIST_KEY_LSApplicationCategoryType = "public.app-category.utilities";
				INFOPLIST_KEY_UIApplicationSceneManifest_Generation = YES;
				INFOPLIST_KEY_UIApplicationSupportsIndirectInputEvents = YES;
				INFOPLIST_KEY_UILaunchScreen_Generation = YES;
				INFOPLIST_KEY_UISupportedInterfaceOrientations = "UIInterfaceOrientationLandscapeLeft UIInterfaceOrientationLandscapeRight UIInterfaceOrientationPortrait UIInterfaceOrientationPortraitUpsideDown";
				IPHONEOS_DEPLOYMENT_TARGET = 16.0;
				LD_RUNPATH_SEARCH_PATHS = (
					"$(inherited)",
					"@executable_path/Frameworks",
				);
				MARKETING_VERSION = 2.3.1;
				PRODUCT_BUNDLE_IDENTIFIER = com.yorkdev.YorkNotify;
				PRODUCT_NAME = "$(TARGET_NAME)";
				SUPPORTED_PLATFORMS = "iphoneos iphonesimulator";
				SUPPORTS_MACCATALYST = YES;
				SUPPORTS_MAC_DESIGNED_FOR_IPHONE_IPAD = NO;
				SUPPORTS_XR_DESIGNED_FOR_IPHONE_IPAD = YES;
				SWIFT_EMIT_LOC_STRINGS = YES;
				SWIFT_VERSION = 5.0;
				TARGETED_DEVICE_FAMILY = "1,2";
			};
			name = Release;
		};
/* End XCBuildConfiguration section */

/* Begin XCConfigurationList section */
		98079BD52CD2574D00D8C631 /* Build configuration list for PBXNativeTarget "YorkNotifyWatch Watch App" */ = {
			isa = XCConfigurationList;
			buildConfigurations = (
				98079BD32CD2574D00D8C631 /* Debug */,
				98079BD42CD2574D00D8C631 /* Release */,
			);
			defaultConfigurationIsVisible = 0;
			defaultConfigurationName = Release;
		};
		988516EB2C2EEFA60025FCAC /* Build configuration list for PBXProject "YorkNotify" */ = {
			isa = XCConfigurationList;
			buildConfigurations = (
				988516FC2C2EEFA70025FCAC /* Debug */,
				988516FD2C2EEFA70025FCAC /* Release */,
			);
			defaultConfigurationIsVisible = 0;
			defaultConfigurationName = Release;
		};
		988516FE2C2EEFA70025FCAC /* Build configuration list for PBXNativeTarget "YorkNotify" */ = {
			isa = XCConfigurationList;
			buildConfigurations = (
				988516FF2C2EEFA70025FCAC /* Debug */,
				988517002C2EEFA70025FCAC /* Release */,
			);
			defaultConfigurationIsVisible = 0;
			defaultConfigurationName = Release;
		};
/* End XCConfigurationList section */
	};
	rootObject = 988516E82C2EEFA60025FCAC /* Project object */;
}
